
Microsoft Visual Studio Solution File, Format Version 12.00
# Visual Studio Version 16
VisualStudioVersion = 16.0.30804.86
MinimumVisualStudioVersion = 10.0.40219.1
Project("{9A19103F-16F7-4668-BE54-9A1E7A4F7556}") = "Opening_version_2.1", "Opening_version_2.1\Opening_version_2.1.csproj", "{CF4BFF15-9BC4-46AD-83F1-C5A2A3581865}"
EndProject
Project("{FAE04EC0-301F-11D3-BF4B-00C04F79EFBC}") = "Opening_version_2.1__Test", "Opening_version_2.1__Test\Opening_version_2.1__Test.csproj", "{ED50EF85-05D6-4E54-AF09-E7777AA3309B}"
EndProject
Global
	GlobalSection(SolutionConfigurationPlatforms) = preSolution
		Debug|Any CPU = Debug|Any CPU
		Release|Any CPU = Release|Any CPU
	EndGlobalSection
	GlobalSection(ProjectConfigurationPlatforms) = postSolution
		{CF4BFF15-9BC4-46AD-83F1-C5A2A3581865}.Debug|Any CPU.ActiveCfg = Debug|Any CPU
		{CF4BFF15-9BC4-46AD-83F1-C5A2A3581865}.Debug|Any CPU.Build.0 = Debug|Any CPU
		{CF4BFF15-9BC4-46AD-83F1-C5A2A3581865}.Release|Any CPU.ActiveCfg = Release|Any CPU
		{CF4BFF15-9BC4-46AD-83F1-C5A2A3581865}.Release|Any CPU.Build.0 = Release|Any CPU
		{ED50EF85-05D6-4E54-AF09-E7777AA3309B}.Debug|Any CPU.ActiveCfg = Debug|Any CPU
		{ED50EF85-05D6-4E54-AF09-E7777AA3309B}.Debug|Any CPU.Build.0 = Debug|Any CPU
		{ED50EF85-05D6-4E54-AF09-E7777AA3309B}.Release|Any CPU.ActiveCfg = Release|Any CPU
		{ED50EF85-05D6-4E54-AF09-E7777AA3309B}.Release|Any CPU.Build.0 = Release|Any CPU
	EndGlobalSection
	GlobalSection(SolutionProperties) = preSolution
		HideSolutionNode = FALSE
	EndGlobalSection
	GlobalSection(ExtensibilityGlobals) = postSolution
		SolutionGuid = {54AE37C3-6BE2-42B5-A8AC-543261859DBF}
	EndGlobalSection
EndGlobal
